
Microsoft Visual Studio Solution File, Format Version 12.00
# Visual Studio Version 17
VisualStudioVersion = 17.4.33403.182
MinimumVisualStudioVersion = 10.0.40219.1
Project("{FAE04EC0-301F-11D3-BF4B-00C04F79EFBC}") = "MoodAnalyser", "MoodAnalyser.csproj", "{CDBB40CB-6638-46C3-AEDD-0678E00E9B0C}"
EndProject
Global
	GlobalSection(SolutionConfigurationPlatforms) = preSolution
		Debug|Any CPU = Debug|Any CPU
		Release|Any CPU = Release|Any CPU
	EndGlobalSection
	GlobalSection(ProjectConfigurationPlatforms) = postSolution
		{CDBB40CB-6638-46C3-AEDD-0678E00E9B0C}.Debug|Any CPU.ActiveCfg = Debug|Any CPU
		{CDBB40CB-6638-46C3-AEDD-0678E00E9B0C}.Debug|Any CPU.Build.0 = Debug|Any CPU
		{CDBB40CB-6638-46C3-AEDD-0678E00E9B0C}.Release|Any CPU.ActiveCfg = Release|Any CPU
		{CDBB40CB-6638-46C3-AEDD-0678E00E9B0C}.Release|Any CPU.Build.0 = Release|Any CPU
	EndGlobalSection
	GlobalSection(SolutionProperties) = preSolution
		HideSolutionNode = FALSE
	EndGlobalSection
	GlobalSection(ExtensibilityGlobals) = postSolution
		SolutionGuid = {4D659F4F-7D7F-4560-935E-B2DB1B774502}
	EndGlobalSection
EndGlobal
